
Microsoft Visual Studio Solution File, Format Version 12.00
Project("{FAE04EC0-301F-11D3-BF4B-00C04F79EFBC}") = "ConsoleApp1", "ConsoleApp1\ConsoleApp1.csproj", "{D87A5B60-D3EF-4341-851B-A501BE70F580}"
EndProject
Global
	GlobalSection(SolutionConfigurationPlatforms) = preSolution
		Debug|Any CPU = Debug|Any CPU
		Release|Any CPU = Release|Any CPU
	EndGlobalSection
	GlobalSection(ProjectConfigurationPlatforms) = postSolution
		{D87A5B60-D3EF-4341-851B-A501BE70F580}.Debug|Any CPU.ActiveCfg = Debug|Any CPU
		{D87A5B60-D3EF-4341-851B-A501BE70F580}.Debug|Any CPU.Build.0 = Debug|Any CPU
		{D87A5B60-D3EF-4341-851B-A501BE70F580}.Release|Any CPU.ActiveCfg = Release|Any CPU
		{D87A5B60-D3EF-4341-851B-A501BE70F580}.Release|Any CPU.Build.0 = Release|Any CPU
	EndGlobalSection
EndGlobal
